
Microsoft Visual Studio Solution File, Format Version 12.00
# Visual Studio Version 17
VisualStudioVersion = 17.5.33516.290
MinimumVisualStudioVersion = 10.0.40219.1
Project("{FAE04EC0-301F-11D3-BF4B-00C04F79EFBC}") = "Practice17", "Practice17\Practice17.csproj", "{CAB04549-BCCB-48E6-98BF-4CD6FDFD0288}"
EndProject
Global
	GlobalSection(SolutionConfigurationPlatforms) = preSolution
		Debug|Any CPU = Debug|Any CPU
		Release|Any CPU = Release|Any CPU
	EndGlobalSection
	GlobalSection(ProjectConfigurationPlatforms) = postSolution
		{CAB04549-BCCB-48E6-98BF-4CD6FDFD0288}.Debug|Any CPU.ActiveCfg = Debug|Any CPU
		{CAB04549-BCCB-48E6-98BF-4CD6FDFD0288}.Debug|Any CPU.Build.0 = Debug|Any CPU
		{CAB04549-BCCB-48E6-98BF-4CD6FDFD0288}.Release|Any CPU.ActiveCfg = Release|Any CPU
		{CAB04549-BCCB-48E6-98BF-4CD6FDFD0288}.Release|Any CPU.Build.0 = Release|Any CPU
	EndGlobalSection
	GlobalSection(SolutionProperties) = preSolution
		HideSolutionNode = FALSE
	EndGlobalSection
	GlobalSection(ExtensibilityGlobals) = postSolution
		SolutionGuid = {F5B21A35-47F9-4495-9949-FC8BE25DD850}
	EndGlobalSection
EndGlobal
